
Microsoft Visual Studio Solution File, Format Version 12.00
Project("{FAE04EC0-301F-11D3-BF4B-00C04F79EFBC}") = "Console", "AbstractFactorySmell\Console.csproj", "{1B5BA642-1DFA-4A3C-AEA1-C46D0CE58252}"
EndProject
Global
	GlobalSection(SolutionConfigurationPlatforms) = preSolution
		Debug|Any CPU = Debug|Any CPU
		Release|Any CPU = Release|Any CPU
	EndGlobalSection
	GlobalSection(ProjectConfigurationPlatforms) = postSolution
		{1B5BA642-1DFA-4A3C-AEA1-C46D0CE58252}.Debug|Any CPU.ActiveCfg = Debug|Any CPU
		{1B5BA642-1DFA-4A3C-AEA1-C46D0CE58252}.Debug|Any CPU.Build.0 = Debug|Any CPU
		{1B5BA642-1DFA-4A3C-AEA1-C46D0CE58252}.Release|Any CPU.ActiveCfg = Release|Any CPU
		{1B5BA642-1DFA-4A3C-AEA1-C46D0CE58252}.Release|Any CPU.Build.0 = Release|Any CPU
	EndGlobalSection
EndGlobal
